{
    "name": "ra-language-greek",
    "version": "3.19.10",
    "lockfileVersion": 1,
    "requires": true,
    "dependencies": {
        "classnames": {
            "version": "2.3.1",
            "resolved": "https://registry.npmjs.org/classnames/-/classnames-2.3.1.tgz",
            "integrity": "sha512-OlQdbZ7gLfGarSqxesMesDa5uz7KFbID8Kpq/SxIoNGDqY8lSYs0D+hhtBXhcdB3rcbXArFr7vlHheLk1voeNA=="
        },
        "date-fns": {
            "version": "1.30.1",
            "resolved": "https://registry.npmjs.org/date-fns/-/date-fns-1.30.1.tgz",
            "integrity": "sha512-hBSVCvSmWC+QypYObzwGOd9wqdDpOt+0wl0KbU+R+uuZBS1jN8VsD1ss3irQDknRj5NvxiTF6oj/nDRnN/UQNw=="
        },
        "decode-uri-component": {
            "version": "0.2.0",
            "resolved": "https://registry.npmjs.org/decode-uri-component/-/decode-uri-component-0.2.0.tgz",
            "integrity": "sha1-6zkTMzRYd1y4TNGh+uBiEGu4dUU="
        },
        "eventemitter3": {
            "version": "3.1.2",
            "resolved": "https://registry.npmjs.org/eventemitter3/-/eventemitter3-3.1.2.tgz",
            "integrity": "sha512-tvtQIeLVHjDkJYnzf2dgVMxfuSGJeM/7UCG17TT4EumTfNtF+0nebF/4zWOIkCreAbtNqhGEboB6BWrwqNaw4Q=="
        },
        "inflection": {
            "version": "1.13.2",
            "resolved": "https://registry.npmjs.org/inflection/-/inflection-1.13.2.tgz",
            "integrity": "sha512-cmZlljCRTBFouT8UzMzrGcVEvkv6D/wBdcdKG7J1QH5cXjtU75Dm+P27v9EKu/Y43UYyCJd1WC4zLebRrC8NBw=="
        },
        "js-tokens": {
            "version": "4.0.0",
            "resolved": "https://registry.npmjs.org/js-tokens/-/js-tokens-4.0.0.tgz",
            "integrity": "sha512-RdJUflcE3cUzKiMqQgsCu06FPu9UdIJO0beYbPhHN4k6apgJtifcoCtT9bcxOpYBtpD2kCM6Sbzg4CausW/PKQ=="
        },
        "lodash": {
            "version": "4.17.21",
            "resolved": "https://registry.npmjs.org/lodash/-/lodash-4.17.21.tgz",
            "integrity": "sha512-v2kDEe57lecTulaDIuNTPy3Ry4gLGJ6Z1O3vE1krgXZNrsQ+LFTGHVxVjcXPs17LhbZVGedAJv8XZ1tvj5FvSg=="
        },
        "loose-envify": {
            "version": "1.4.0",
            "resolved": "https://registry.npmjs.org/loose-envify/-/loose-envify-1.4.0.tgz",
            "integrity": "sha512-lyuxPGr/Wfhrlem2CL/UcnUc1zcqKAImBDzukY7Y5F/yQiNdko6+fRLevlw1HgMySw7f611UIY408EtxRSoK3Q==",
            "requires": {
                "js-tokens": "^3.0.0 || ^4.0.0"
            }
        },
        "object-assign": {
            "version": "4.1.1",
            "resolved": "https://registry.npmjs.org/object-assign/-/object-assign-4.1.1.tgz",
            "integrity": "sha1-IQmtx5ZYh8/AXLvUQsrIv7s2CGM="
        },
        "prop-types": {
            "version": "15.8.1",
            "resolved": "https://registry.npmjs.org/prop-types/-/prop-types-15.8.1.tgz",
            "integrity": "sha512-oj87CgZICdulUohogVAR7AjlC0327U4el4L6eAvOqCeudMDVU0NThNaV+b9Df4dXgSP1gXMTnPdhfe/2qDH5cg==",
            "requires": {
                "loose-envify": "^1.4.0",
                "object-assign": "^4.1.1",
                "react-is": "^16.13.1"
            }
        },
        "query-string": {
            "version": "5.1.1",
            "resolved": "https://registry.npmjs.org/query-string/-/query-string-5.1.1.tgz",
            "integrity": "sha512-gjWOsm2SoGlgLEdAGt7a6slVOk9mGiXmPFMqrEhLQ68rhQuBnpfs3+EmlvqKyxnCo9/PPlF+9MtY02S1aFg+Jw==",
            "requires": {
                "decode-uri-component": "^0.2.0",
                "object-assign": "^4.1.0",
                "strict-uri-encode": "^1.0.0"
            }
        },
        "ra-core": {
            "version": "3.19.10",
            "resolved": "https://registry.npmjs.org/ra-core/-/ra-core-3.19.10.tgz",
            "integrity": "sha512-jOPh5PVH9WKu217tiL4ef2+V2OMkf5/wjkPw4xLemKSydKYJG5FyByzL5QE/3k7UkG6TsnJWBVaf0TOhCm5SZw==",
            "requires": {
                "classnames": "~2.3.1",
                "date-fns": "^1.29.0",
                "eventemitter3": "^3.0.0",
                "inflection": "~1.13.1",
                "lodash": "~4.17.5",
                "prop-types": "^15.6.1",
                "query-string": "^5.1.1",
                "reselect": "~3.0.0"
            }
        },
        "react-is": {
            "version": "16.13.1",
            "resolved": "https://registry.npmjs.org/react-is/-/react-is-16.13.1.tgz",
            "integrity": "sha512-24e6ynE2H+OKt4kqsOvNd8kBpV65zoxbA4BVsEOB3ARVWQki/DHzaUoC5KuON/BiccDaCCTZBuOcfZs70kR8bQ=="
        },
        "reselect": {
            "version": "3.0.1",
            "resolved": "https://registry.npmjs.org/reselect/-/reselect-3.0.1.tgz",
            "integrity": "sha1-79qpjqdFEyTQkrKyFjpqHXqaIUc="
        },
        "strict-uri-encode": {
            "version": "1.1.0",
            "resolved": "https://registry.npmjs.org/strict-uri-encode/-/strict-uri-encode-1.1.0.tgz",
            "integrity": "sha1-J5siXfHVgrH1TmWt3UNS4Y+qBxM="
        }
    }
}
